
Microsoft Visual Studio Solution File, Format Version 12.00
# Visual Studio Version 17
VisualStudioVersion = 17.1.32407.343
MinimumVisualStudioVersion = 10.0.40219.1
Project("{FAE04EC0-301F-11D3-BF4B-00C04F79EFBC}") = "ForgeBuddy.GUI", "ForgeBuddy.GUI\ForgeBuddy.GUI.csproj", "{4F5D7436-5003-458A-8D62-1373863148F7}"
EndProject
Project("{FAE04EC0-301F-11D3-BF4B-00C04F79EFBC}") = "ForgeBuddy.LOGIC", "ForgeBuddy.LOGIC\ForgeBuddy.LOGIC.csproj", "{8D928621-32C4-443E-A9E1-36A4D8D1DF13}"
EndProject
Project("{FAE04EC0-301F-11D3-BF4B-00C04F79EFBC}") = "ForgeBuddy.KEYS", "ForgeBuddy.KEYS\ForgeBuddy.KEYS.csproj", "{AE8AC010-85A4-4D44-AA7A-6D04388150D9}"
EndProject
Global
	GlobalSection(SolutionConfigurationPlatforms) = preSolution
		Debug|Any CPU = Debug|Any CPU
		Release|Any CPU = Release|Any CPU
	EndGlobalSection
	GlobalSection(ProjectConfigurationPlatforms) = postSolution
		{4F5D7436-5003-458A-8D62-1373863148F7}.Debug|Any CPU.ActiveCfg = Debug|Any CPU
		{4F5D7436-5003-458A-8D62-1373863148F7}.Debug|Any CPU.Build.0 = Debug|Any CPU
		{4F5D7436-5003-458A-8D62-1373863148F7}.Release|Any CPU.ActiveCfg = Release|Any CPU
		{4F5D7436-5003-458A-8D62-1373863148F7}.Release|Any CPU.Build.0 = Release|Any CPU
		{8D928621-32C4-443E-A9E1-36A4D8D1DF13}.Debug|Any CPU.ActiveCfg = Debug|Any CPU
		{8D928621-32C4-443E-A9E1-36A4D8D1DF13}.Debug|Any CPU.Build.0 = Debug|Any CPU
		{8D928621-32C4-443E-A9E1-36A4D8D1DF13}.Release|Any CPU.ActiveCfg = Release|Any CPU
		{8D928621-32C4-443E-A9E1-36A4D8D1DF13}.Release|Any CPU.Build.0 = Release|Any CPU
		{AE8AC010-85A4-4D44-AA7A-6D04388150D9}.Debug|Any CPU.ActiveCfg = Debug|Any CPU
		{AE8AC010-85A4-4D44-AA7A-6D04388150D9}.Debug|Any CPU.Build.0 = Debug|Any CPU
		{AE8AC010-85A4-4D44-AA7A-6D04388150D9}.Release|Any CPU.ActiveCfg = Release|Any CPU
		{AE8AC010-85A4-4D44-AA7A-6D04388150D9}.Release|Any CPU.Build.0 = Release|Any CPU
	EndGlobalSection
	GlobalSection(SolutionProperties) = preSolution
		HideSolutionNode = FALSE
	EndGlobalSection
	GlobalSection(ExtensibilityGlobals) = postSolution
		SolutionGuid = {DF599D0C-E788-407F-B59E-232599B8205E}
	EndGlobalSection
EndGlobal
