
Microsoft Visual Studio Solution File, Format Version 12.00
# Visual Studio Version 17
VisualStudioVersion = 17.1.32407.343
MinimumVisualStudioVersion = 10.0.40219.1
Project("{FAE04EC0-301F-11D3-BF4B-00C04F79EFBC}") = "ForgeBuddy.GUI", "ForgeBuddy.GUI\ForgeBuddy.GUI.csproj", "{4F5D7436-5003-458A-8D62-1373863148F7}"
EndProject
Project("{FAE04EC0-301F-11D3-BF4B-00C04F79EFBC}") = "ForgeBuddy.LOGIC", "ForgeBuddy.LOGIC\ForgeBuddy.LOGIC.csproj", "{8D928621-32C4-443E-A9E1-36A4D8D1DF13}"
EndProject
Project("{FAE04EC0-301F-11D3-BF4B-00C04F79EFBC}") = "ForgeBuddy.KEYS", "ForgeBuddy.KEYS\ForgeBuddy.KEYS.csproj", "{AE8AC010-85A4-4D44-AA7A-6D04388150D9}"
EndProject
Project("{FAE04EC0-301F-11D3-BF4B-00C04F79EFBC}") = "MinecraftBuddy.GUI", "MinecraftBuddy.GUI\MinecraftBuddy.GUI.csproj", "{FD9901F2-2E9C-4CFB-9299-1406DBD9B41E}"
EndProject
Project("{FAE04EC0-301F-11D3-BF4B-00C04F79EFBC}") = "ResourceBuddy.GUI", "ResourceBuddy.GUI\ResourceBuddy.GUI.csproj", "{2B04F826-4DCF-4B55-B90D-65E300960A20}"
EndProject
Project("{FAE04EC0-301F-11D3-BF4B-00C04F79EFBC}") = "MinecraftBuddy.KEYS", "MinecraftBuddy.KEYS\MinecraftBuddy.KEYS.csproj", "{F260B6D9-6305-4E8B-AD8C-1D632489780D}"
EndProject
Project("{FAE04EC0-301F-11D3-BF4B-00C04F79EFBC}") = "ResourceBuddy.LOGIC", "ResourceBuddy.LOGIC\ResourceBuddy.LOGIC.csproj", "{7D59EA58-7DD9-46A4-8E3B-A70167468A85}"
EndProject
Project("{FAE04EC0-301F-11D3-BF4B-00C04F79EFBC}") = "ResourceBuddy.KEYS", "ResourceBuddy.KEYS\ResourceBuddy.KEYS.csproj", "{F78BFABB-D7A7-4D1A-8495-133DF0D63F85}"
EndProject
Project("{FAE04EC0-301F-11D3-BF4B-00C04F79EFBC}") = "MapBuddy.GUI", "MapBuddy.GUI\MapBuddy.GUI.csproj", "{8B03CFDA-9039-4606-A666-FEB676538BB3}"
EndProject
Project("{FAE04EC0-301F-11D3-BF4B-00C04F79EFBC}") = "MapBuddy.LOGIC", "MapBuddy.LOGIC\MapBuddy.LOGIC.csproj", "{82370872-57AD-4023-943D-74FA7964C6A7}"
EndProject
Project("{FAE04EC0-301F-11D3-BF4B-00C04F79EFBC}") = "MapBuddy.KEYS", "MapBuddy.KEYS\MapBuddy.KEYS.csproj", "{C64265AC-F0CE-4BB2-898D-62892EF0F361}"
EndProject
Global
	GlobalSection(SolutionConfigurationPlatforms) = preSolution
		Debug|Any CPU = Debug|Any CPU
		Release|Any CPU = Release|Any CPU
	EndGlobalSection
	GlobalSection(ProjectConfigurationPlatforms) = postSolution
		{4F5D7436-5003-458A-8D62-1373863148F7}.Debug|Any CPU.ActiveCfg = Debug|Any CPU
		{4F5D7436-5003-458A-8D62-1373863148F7}.Debug|Any CPU.Build.0 = Debug|Any CPU
		{4F5D7436-5003-458A-8D62-1373863148F7}.Release|Any CPU.ActiveCfg = Release|Any CPU
		{4F5D7436-5003-458A-8D62-1373863148F7}.Release|Any CPU.Build.0 = Release|Any CPU
		{8D928621-32C4-443E-A9E1-36A4D8D1DF13}.Debug|Any CPU.ActiveCfg = Debug|Any CPU
		{8D928621-32C4-443E-A9E1-36A4D8D1DF13}.Debug|Any CPU.Build.0 = Debug|Any CPU
		{8D928621-32C4-443E-A9E1-36A4D8D1DF13}.Release|Any CPU.ActiveCfg = Release|Any CPU
		{8D928621-32C4-443E-A9E1-36A4D8D1DF13}.Release|Any CPU.Build.0 = Release|Any CPU
		{AE8AC010-85A4-4D44-AA7A-6D04388150D9}.Debug|Any CPU.ActiveCfg = Debug|Any CPU
		{AE8AC010-85A4-4D44-AA7A-6D04388150D9}.Debug|Any CPU.Build.0 = Debug|Any CPU
		{AE8AC010-85A4-4D44-AA7A-6D04388150D9}.Release|Any CPU.ActiveCfg = Release|Any CPU
		{AE8AC010-85A4-4D44-AA7A-6D04388150D9}.Release|Any CPU.Build.0 = Release|Any CPU
		{FD9901F2-2E9C-4CFB-9299-1406DBD9B41E}.Debug|Any CPU.ActiveCfg = Debug|Any CPU
		{FD9901F2-2E9C-4CFB-9299-1406DBD9B41E}.Debug|Any CPU.Build.0 = Debug|Any CPU
		{FD9901F2-2E9C-4CFB-9299-1406DBD9B41E}.Release|Any CPU.ActiveCfg = Release|Any CPU
		{FD9901F2-2E9C-4CFB-9299-1406DBD9B41E}.Release|Any CPU.Build.0 = Release|Any CPU
		{2B04F826-4DCF-4B55-B90D-65E300960A20}.Debug|Any CPU.ActiveCfg = Debug|Any CPU
		{2B04F826-4DCF-4B55-B90D-65E300960A20}.Debug|Any CPU.Build.0 = Debug|Any CPU
		{2B04F826-4DCF-4B55-B90D-65E300960A20}.Release|Any CPU.ActiveCfg = Release|Any CPU
		{2B04F826-4DCF-4B55-B90D-65E300960A20}.Release|Any CPU.Build.0 = Release|Any CPU
		{F260B6D9-6305-4E8B-AD8C-1D632489780D}.Debug|Any CPU.ActiveCfg = Debug|Any CPU
		{F260B6D9-6305-4E8B-AD8C-1D632489780D}.Debug|Any CPU.Build.0 = Debug|Any CPU
		{F260B6D9-6305-4E8B-AD8C-1D632489780D}.Release|Any CPU.ActiveCfg = Release|Any CPU
		{F260B6D9-6305-4E8B-AD8C-1D632489780D}.Release|Any CPU.Build.0 = Release|Any CPU
		{7D59EA58-7DD9-46A4-8E3B-A70167468A85}.Debug|Any CPU.ActiveCfg = Debug|Any CPU
		{7D59EA58-7DD9-46A4-8E3B-A70167468A85}.Debug|Any CPU.Build.0 = Debug|Any CPU
		{7D59EA58-7DD9-46A4-8E3B-A70167468A85}.Release|Any CPU.ActiveCfg = Release|Any CPU
		{7D59EA58-7DD9-46A4-8E3B-A70167468A85}.Release|Any CPU.Build.0 = Release|Any CPU
		{F78BFABB-D7A7-4D1A-8495-133DF0D63F85}.Debug|Any CPU.ActiveCfg = Debug|Any CPU
		{F78BFABB-D7A7-4D1A-8495-133DF0D63F85}.Debug|Any CPU.Build.0 = Debug|Any CPU
		{F78BFABB-D7A7-4D1A-8495-133DF0D63F85}.Release|Any CPU.ActiveCfg = Release|Any CPU
		{F78BFABB-D7A7-4D1A-8495-133DF0D63F85}.Release|Any CPU.Build.0 = Release|Any CPU
		{8B03CFDA-9039-4606-A666-FEB676538BB3}.Debug|Any CPU.ActiveCfg = Debug|Any CPU
		{8B03CFDA-9039-4606-A666-FEB676538BB3}.Debug|Any CPU.Build.0 = Debug|Any CPU
		{8B03CFDA-9039-4606-A666-FEB676538BB3}.Release|Any CPU.ActiveCfg = Release|Any CPU
		{8B03CFDA-9039-4606-A666-FEB676538BB3}.Release|Any CPU.Build.0 = Release|Any CPU
		{82370872-57AD-4023-943D-74FA7964C6A7}.Debug|Any CPU.ActiveCfg = Debug|Any CPU
		{82370872-57AD-4023-943D-74FA7964C6A7}.Debug|Any CPU.Build.0 = Debug|Any CPU
		{82370872-57AD-4023-943D-74FA7964C6A7}.Release|Any CPU.ActiveCfg = Release|Any CPU
		{82370872-57AD-4023-943D-74FA7964C6A7}.Release|Any CPU.Build.0 = Release|Any CPU
		{C64265AC-F0CE-4BB2-898D-62892EF0F361}.Debug|Any CPU.ActiveCfg = Debug|Any CPU
		{C64265AC-F0CE-4BB2-898D-62892EF0F361}.Debug|Any CPU.Build.0 = Debug|Any CPU
		{C64265AC-F0CE-4BB2-898D-62892EF0F361}.Release|Any CPU.ActiveCfg = Release|Any CPU
		{C64265AC-F0CE-4BB2-898D-62892EF0F361}.Release|Any CPU.Build.0 = Release|Any CPU
	EndGlobalSection
	GlobalSection(SolutionProperties) = preSolution
		HideSolutionNode = FALSE
	EndGlobalSection
	GlobalSection(ExtensibilityGlobals) = postSolution
		SolutionGuid = {DF599D0C-E788-407F-B59E-232599B8205E}
	EndGlobalSection
EndGlobal
